
Microsoft Visual Studio Solution File, Format Version 12.00
# Visual Studio Version 17
VisualStudioVersion = 17.0.31521.260
MinimumVisualStudioVersion = 10.0.40219.1
Project("{FAE04EC0-301F-11D3-BF4B-00C04F79EFBC}") = "src", "src.csproj", "{19531149-618E-4A65-A7DB-E3161A892AEF}"
EndProject
Global
	GlobalSection(SolutionConfigurationPlatforms) = preSolution
		Debug|Any CPU = Debug|Any CPU
		Release|Any CPU = Release|Any CPU
	EndGlobalSection
	GlobalSection(ProjectConfigurationPlatforms) = postSolution
		{19531149-618E-4A65-A7DB-E3161A892AEF}.Debug|Any CPU.ActiveCfg = Debug|Any CPU
		{19531149-618E-4A65-A7DB-E3161A892AEF}.Debug|Any CPU.Build.0 = Debug|Any CPU
		{19531149-618E-4A65-A7DB-E3161A892AEF}.Release|Any CPU.ActiveCfg = Release|Any CPU
		{19531149-618E-4A65-A7DB-E3161A892AEF}.Release|Any CPU.Build.0 = Release|Any CPU
	EndGlobalSection
	GlobalSection(SolutionProperties) = preSolution
		HideSolutionNode = FALSE
	EndGlobalSection
	GlobalSection(ExtensibilityGlobals) = postSolution
		SolutionGuid = {DDA9102F-770E-4EE0-AEFA-81890E0502A5}
	EndGlobalSection
EndGlobal
